
Microsoft Visual Studio Solution File, Format Version 12.00
# Visual Studio Version 17
VisualStudioVersion = 17.0.31808.319
MinimumVisualStudioVersion = 10.0.40219.1
Project("{9A19103F-16F7-4668-BE54-9A1E7A4F7556}") = "SE.Utility", "SE.Utility.csproj", "{5FA107D1-9CF6-4907-AEB4-9E14514E681B}"
EndProject
Global
	GlobalSection(SolutionConfigurationPlatforms) = preSolution
		Debug|x64 = Debug|x64
		Release|x64 = Release|x64
	EndGlobalSection
	GlobalSection(ProjectConfigurationPlatforms) = postSolution
		{5FA107D1-9CF6-4907-AEB4-9E14514E681B}.Debug|x64.ActiveCfg = Debug|x64
		{5FA107D1-9CF6-4907-AEB4-9E14514E681B}.Debug|x64.Build.0 = Debug|x64
		{5FA107D1-9CF6-4907-AEB4-9E14514E681B}.Release|x64.ActiveCfg = Release|x64
		{5FA107D1-9CF6-4907-AEB4-9E14514E681B}.Release|x64.Build.0 = Release|x64
	EndGlobalSection
	GlobalSection(SolutionProperties) = preSolution
		HideSolutionNode = FALSE
	EndGlobalSection
	GlobalSection(ExtensibilityGlobals) = postSolution
		SolutionGuid = {AA6239A6-542A-4B4C-9610-844250D127D7}
	EndGlobalSection
EndGlobal
